Microsoft Visual Studio Solution File, Format Version 12.00
# Visual Studio Version 16
VisualStudioVersion = 16.0.29806.167
MinimumVisualStudioVersion = 10.0.40219.1
Project("{9A19103F-16F7-4668-BE54-9A1E7A4F7556}") = "DayPrinter", "DayPrinter\DayPrinter.csproj", "{B3E76AAA-3BE8-49C7-A831-64EF68C6F28D}"
EndProject
Project("{9A19103F-16F7-4668-BE54-9A1E7A4F7556}") = "ElseIf", "ElseIf\ElseIf.csproj", "{C7008ACC-EE4B-49CC-B7FB-5F9F95E257A9}"
EndProject
Project("{9A19103F-16F7-4668-BE54-9A1E7A4F7556}") = "TempConv", "TempConv\TempConv.csproj", "{6D18F93D-E26F-4FF4-ABF2-1450FD9FB19D}"
EndProject
Project("{9A19103F-16F7-4668-BE54-9A1E7A4F7556}") = "HelloMethods", "HelloMethods\HelloMethods.csproj", "{9B69E0D2-FBD5-4FB4-9D40-768AE4F57300}"
EndProject
Project("{9A19103F-16F7-4668-BE54-9A1E7A4F7556}") = "Gradebook", "Gradebook\Gradebook.csproj", "{9E08496B-2501-4CBF-844F-8FD7BA97F4E6}"
EndProject
Project("{9A19103F-16F7-4668-BE54-9A1E7A4F7556}") = "GradebookDict", "GradebookDict\GradebookDict.csproj", "{EFCB1B91-2E92-478F-BFF7-013FF6911DCC}"
EndProject
Project("{9A19103F-16F7-4668-BE54-9A1E7A4F7556}") = "GradebookArray", "GradebookArray\GradebookArray.csproj", "{89051A0E-8D18-48C3-B4E6-D05F62D252CE}"
EndProject
Project("{FAE04EC0-301F-11D3-BF4B-00C04F79EFBC}") = "HelloWorld", "HelloWorld\HelloWorld.csproj", "{2064F9C4-8A67-43B8-81DF-8101AA850FE5}"
EndProject
Project("{FAE04EC0-301F-11D3-BF4B-00C04F79EFBC}") = "inputOutput", "inputOutput\inputOutput.csproj", "{A3F28431-D8CC-4C4E-8364-183890C139CB}"
EndProject
Project("{FAE04EC0-301F-11D3-BF4B-00C04F79EFBC}") = "numericTypes_1", "numericTypes_1\numericTypes_1.csproj", "{F7D95225-0C67-4041-99F2-86150B109CF2}"
EndProject
Project("{FAE04EC0-301F-11D3-BF4B-00C04F79EFBC}") = "numericTypes_2", "numericTypes_2\numericTypes_2.csproj", "{38439929-DB04-4099-9DF5-C410B5A7718B}"
EndProject
Project("{FAE04EC0-301F-11D3-BF4B-00C04F79EFBC}") = "stringsPractice", "stringsPractice\stringsPractice.csproj", "{64804DAA-6FDD-46E1-BBEA-78F36D39BAFB}"
EndProject
Project("{FAE04EC0-301F-11D3-BF4B-00C04F79EFBC}") = "Area", "Area\Area.csproj", "{D4BD0546-8B94-44B4-A786-2FC886970D31}"
EndProject
Project("{FAE04EC0-301F-11D3-BF4B-00C04F79EFBC}") = "Class2PrepLists", "Class2PrepLists\Class2PrepLists.csproj", "{54D6D169-2155-4DE7-B2B3-0BC87785F80B}"
EndProject
Project("{FAE04EC0-301F-11D3-BF4B-00C04F79EFBC}") = "Class2PrepListsAndStrings", "Class2PrepListsAndStrings\Class2PrepListsAndStrings.csproj", "{FDB35DF4-100D-47DF-A1BA-1730DAE066D8}"
EndProject
Project("{FAE04EC0-301F-11D3-BF4B-00C04F79EFBC}") = "Class2PrepArrays", "Class2PrepArrays\Class2PrepArrays.csproj", "{EEEB22E4-9D9D-4489-986C-930BF4D7A471}"
EndProject
Project("{FAE04EC0-301F-11D3-BF4B-00C04F79EFBC}") = "Class2PrepDictionaries", "Class2PrepDictionaries\Class2PrepDictionaries.csproj", "{C92555D4-EF26-433F-AC8E-A7B9CC62DBD5}"
EndProject
Project("{FAE04EC0-301F-11D3-BF4B-00C04F79EFBC}") = "Class2PrepStrings", "Class2PrepStrings\Class2PrepStrings.csproj", "{66E15C8F-9666-484A-B00D-B37F6ABE3AB1}"
EndProject
Project("{FAE04EC0-301F-11D3-BF4B-00C04F79EFBC}") = "Class2Studio_CountingCharacters", "Class2Studio_CountingCharacters\Class2Studio_CountingCharacters.csproj", "{5685FBD6-5139-4180-8F64-C15E7DC80FDD}"
EndProject
Global
	GlobalSection(SolutionConfigurationPlatforms) = preSolution
		Debug|Any CPU = Debug|Any CPU
		Release|Any CPU = Release|Any CPU
	EndGlobalSection
	GlobalSection(ProjectConfigurationPlatforms) = postSolution
		{B3E76AAA-3BE8-49C7-A831-64EF68C6F28D}.Debug|Any CPU.ActiveCfg = Debug|Any CPU
		{B3E76AAA-3BE8-49C7-A831-64EF68C6F28D}.Debug|Any CPU.Build.0 = Debug|Any CPU
		{B3E76AAA-3BE8-49C7-A831-64EF68C6F28D}.Release|Any CPU.ActiveCfg = Release|Any CPU
		{B3E76AAA-3BE8-49C7-A831-64EF68C6F28D}.Release|Any CPU.Build.0 = Release|Any CPU
		{C7008ACC-EE4B-49CC-B7FB-5F9F95E257A9}.Debug|Any CPU.ActiveCfg = Debug|Any CPU
		{C7008ACC-EE4B-49CC-B7FB-5F9F95E257A9}.Debug|Any CPU.Build.0 = Debug|Any CPU
		{C7008ACC-EE4B-49CC-B7FB-5F9F95E257A9}.Release|Any CPU.ActiveCfg = Release|Any CPU
		{C7008ACC-EE4B-49CC-B7FB-5F9F95E257A9}.Release|Any CPU.Build.0 = Release|Any CPU
		{6D18F93D-E26F-4FF4-ABF2-1450FD9FB19D}.Debug|Any CPU.ActiveCfg = Debug|Any CPU
		{6D18F93D-E26F-4FF4-ABF2-1450FD9FB19D}.Debug|Any CPU.Build.0 = Debug|Any CPU
		{6D18F93D-E26F-4FF4-ABF2-1450FD9FB19D}.Release|Any CPU.ActiveCfg = Release|Any CPU
		{6D18F93D-E26F-4FF4-ABF2-1450FD9FB19D}.Release|Any CPU.Build.0 = Release|Any CPU
		{9B69E0D2-FBD5-4FB4-9D40-768AE4F57300}.Debug|Any CPU.ActiveCfg = Debug|Any CPU
		{9B69E0D2-FBD5-4FB4-9D40-768AE4F57300}.Debug|Any CPU.Build.0 = Debug|Any CPU
		{9B69E0D2-FBD5-4FB4-9D40-768AE4F57300}.Release|Any CPU.ActiveCfg = Release|Any CPU
		{9B69E0D2-FBD5-4FB4-9D40-768AE4F57300}.Release|Any CPU.Build.0 = Release|Any CPU
		{9E08496B-2501-4CBF-844F-8FD7BA97F4E6}.Debug|Any CPU.ActiveCfg = Debug|Any CPU
		{9E08496B-2501-4CBF-844F-8FD7BA97F4E6}.Debug|Any CPU.Build.0 = Debug|Any CPU
		{9E08496B-2501-4CBF-844F-8FD7BA97F4E6}.Release|Any CPU.ActiveCfg = Release|Any CPU
		{9E08496B-2501-4CBF-844F-8FD7BA97F4E6}.Release|Any CPU.Build.0 = Release|Any CPU
		{EFCB1B91-2E92-478F-BFF7-013FF6911DCC}.Debug|Any CPU.ActiveCfg = Debug|Any CPU
		{EFCB1B91-2E92-478F-BFF7-013FF6911DCC}.Debug|Any CPU.Build.0 = Debug|Any CPU
		{EFCB1B91-2E92-478F-BFF7-013FF6911DCC}.Release|Any CPU.ActiveCfg = Release|Any CPU
		{EFCB1B91-2E92-478F-BFF7-013FF6911DCC}.Release|Any CPU.Build.0 = Release|Any CPU
		{89051A0E-8D18-48C3-B4E6-D05F62D252CE}.Debug|Any CPU.ActiveCfg = Debug|Any CPU
		{89051A0E-8D18-48C3-B4E6-D05F62D252CE}.Debug|Any CPU.Build.0 = Debug|Any CPU
		{89051A0E-8D18-48C3-B4E6-D05F62D252CE}.Release|Any CPU.ActiveCfg = Release|Any CPU
		{89051A0E-8D18-48C3-B4E6-D05F62D252CE}.Release|Any CPU.Build.0 = Release|Any CPU
		{2064F9C4-8A67-43B8-81DF-8101AA850FE5}.Debug|Any CPU.ActiveCfg = Debug|Any CPU
		{2064F9C4-8A67-43B8-81DF-8101AA850FE5}.Debug|Any CPU.Build.0 = Debug|Any CPU
		{2064F9C4-8A67-43B8-81DF-8101AA850FE5}.Release|Any CPU.ActiveCfg = Release|Any CPU
		{2064F9C4-8A67-43B8-81DF-8101AA850FE5}.Release|Any CPU.Build.0 = Release|Any CPU
		{A3F28431-D8CC-4C4E-8364-183890C139CB}.Debug|Any CPU.ActiveCfg = Debug|Any CPU
		{A3F28431-D8CC-4C4E-8364-183890C139CB}.Debug|Any CPU.Build.0 = Debug|Any CPU
		{A3F28431-D8CC-4C4E-8364-183890C139CB}.Release|Any CPU.ActiveCfg = Release|Any CPU
		{A3F28431-D8CC-4C4E-8364-183890C139CB}.Release|Any CPU.Build.0 = Release|Any CPU
		{F7D95225-0C67-4041-99F2-86150B109CF2}.Debug|Any CPU.ActiveCfg = Debug|Any CPU
		{F7D95225-0C67-4041-99F2-86150B109CF2}.Debug|Any CPU.Build.0 = Debug|Any CPU
		{F7D95225-0C67-4041-99F2-86150B109CF2}.Release|Any CPU.ActiveCfg = Release|Any CPU
		{F7D95225-0C67-4041-99F2-86150B109CF2}.Release|Any CPU.Build.0 = Release|Any CPU
		{38439929-DB04-4099-9DF5-C410B5A7718B}.Debug|Any CPU.ActiveCfg = Debug|Any CPU
		{38439929-DB04-4099-9DF5-C410B5A7718B}.Debug|Any CPU.Build.0 = Debug|Any CPU
		{38439929-DB04-4099-9DF5-C410B5A7718B}.Release|Any CPU.ActiveCfg = Release|Any CPU
		{38439929-DB04-4099-9DF5-C410B5A7718B}.Release|Any CPU.Build.0 = Release|Any CPU
		{64804DAA-6FDD-46E1-BBEA-78F36D39BAFB}.Debug|Any CPU.ActiveCfg = Debug|Any CPU
		{64804DAA-6FDD-46E1-BBEA-78F36D39BAFB}.Debug|Any CPU.Build.0 = Debug|Any CPU
		{64804DAA-6FDD-46E1-BBEA-78F36D39BAFB}.Release|Any CPU.ActiveCfg = Release|Any CPU
		{64804DAA-6FDD-46E1-BBEA-78F36D39BAFB}.Release|Any CPU.Build.0 = Release|Any CPU
		{D4BD0546-8B94-44B4-A786-2FC886970D31}.Debug|Any CPU.ActiveCfg = Debug|Any CPU
		{D4BD0546-8B94-44B4-A786-2FC886970D31}.Debug|Any CPU.Build.0 = Debug|Any CPU
		{D4BD0546-8B94-44B4-A786-2FC886970D31}.Release|Any CPU.ActiveCfg = Release|Any CPU
		{D4BD0546-8B94-44B4-A786-2FC886970D31}.Release|Any CPU.Build.0 = Release|Any CPU
		{54D6D169-2155-4DE7-B2B3-0BC87785F80B}.Debug|Any CPU.ActiveCfg = Debug|Any CPU
		{54D6D169-2155-4DE7-B2B3-0BC87785F80B}.Debug|Any CPU.Build.0 = Debug|Any CPU
		{54D6D169-2155-4DE7-B2B3-0BC87785F80B}.Release|Any CPU.ActiveCfg = Release|Any CPU
		{54D6D169-2155-4DE7-B2B3-0BC87785F80B}.Release|Any CPU.Build.0 = Release|Any CPU
		{FDB35DF4-100D-47DF-A1BA-1730DAE066D8}.Debug|Any CPU.ActiveCfg = Debug|Any CPU
		{FDB35DF4-100D-47DF-A1BA-1730DAE066D8}.Debug|Any CPU.Build.0 = Debug|Any CPU
		{FDB35DF4-100D-47DF-A1BA-1730DAE066D8}.Release|Any CPU.ActiveCfg = Release|Any CPU
		{FDB35DF4-100D-47DF-A1BA-1730DAE066D8}.Release|Any CPU.Build.0 = Release|Any CPU
		{EEEB22E4-9D9D-4489-986C-930BF4D7A471}.Debug|Any CPU.ActiveCfg = Debug|Any CPU
		{EEEB22E4-9D9D-4489-986C-930BF4D7A471}.Debug|Any CPU.Build.0 = Debug|Any CPU
		{EEEB22E4-9D9D-4489-986C-930BF4D7A471}.Release|Any CPU.ActiveCfg = Release|Any CPU
		{EEEB22E4-9D9D-4489-986C-930BF4D7A471}.Release|Any CPU.Build.0 = Release|Any CPU
		{C92555D4-EF26-433F-AC8E-A7B9CC62DBD5}.Debug|Any CPU.ActiveCfg = Debug|Any CPU
		{C92555D4-EF26-433F-AC8E-A7B9CC62DBD5}.Debug|Any CPU.Build.0 = Debug|Any CPU
		{C92555D4-EF26-433F-AC8E-A7B9CC62DBD5}.Release|Any CPU.ActiveCfg = Release|Any CPU
		{C92555D4-EF26-433F-AC8E-A7B9CC62DBD5}.Release|Any CPU.Build.0 = Release|Any CPU
		{66E15C8F-9666-484A-B00D-B37F6ABE3AB1}.Debug|Any CPU.ActiveCfg = Debug|Any CPU
		{66E15C8F-9666-484A-B00D-B37F6ABE3AB1}.Debug|Any CPU.Build.0 = Debug|Any CPU
		{66E15C8F-9666-484A-B00D-B37F6ABE3AB1}.Release|Any CPU.ActiveCfg = Release|Any CPU
		{66E15C8F-9666-484A-B00D-B37F6ABE3AB1}.Release|Any CPU.Build.0 = Release|Any CPU
		{5685FBD6-5139-4180-8F64-C15E7DC80FDD}.Debug|Any CPU.ActiveCfg = Debug|Any CPU
		{5685FBD6-5139-4180-8F64-C15E7DC80FDD}.Debug|Any CPU.Build.0 = Debug|Any CPU
		{5685FBD6-5139-4180-8F64-C15E7DC80FDD}.Release|Any CPU.ActiveCfg = Release|Any CPU
		{5685FBD6-5139-4180-8F64-C15E7DC80FDD}.Release|Any CPU.Build.0 = Release|Any CPU
	EndGlobalSection
	GlobalSection(SolutionProperties) = preSolution
		HideSolutionNode = FALSE
	EndGlobalSection
	GlobalSection(ExtensibilityGlobals) = postSolution
		SolutionGuid = {6A926280-D473-41E7-BF11-07FA329B5FDE}
	EndGlobalSection
EndGlobal
